
Microsoft Visual Studio Solution File, Format Version 12.00
Project("{FAE04EC0-301F-11D3-BF4B-00C04F79EFBC}") = "DaData", "Dadata\DaData.csproj", "{C1A57B56-81A6-49F0-A163-1807A25DC052}"
EndProject
Project("{FAE04EC0-301F-11D3-BF4B-00C04F79EFBC}") = "DaData.Test", "DaData.Test\DaData.Test.csproj", "{714F8BF8-80F6-4CBD-AE5A-CD5D02FDB492}"
EndProject
Global
	GlobalSection(SolutionConfigurationPlatforms) = preSolution
		Debug|Any CPU = Debug|Any CPU
		Release|Any CPU = Release|Any CPU
	EndGlobalSection
	GlobalSection(ProjectConfigurationPlatforms) = postSolution
		{C1A57B56-81A6-49F0-A163-1807A25DC052}.Debug|Any CPU.ActiveCfg = Debug|Any CPU
		{C1A57B56-81A6-49F0-A163-1807A25DC052}.Debug|Any CPU.Build.0 = Debug|Any CPU
		{C1A57B56-81A6-49F0-A163-1807A25DC052}.Release|Any CPU.ActiveCfg = Release|Any CPU
		{C1A57B56-81A6-49F0-A163-1807A25DC052}.Release|Any CPU.Build.0 = Release|Any CPU
		{714F8BF8-80F6-4CBD-AE5A-CD5D02FDB492}.Debug|Any CPU.ActiveCfg = Debug|Any CPU
		{714F8BF8-80F6-4CBD-AE5A-CD5D02FDB492}.Debug|Any CPU.Build.0 = Debug|Any CPU
		{714F8BF8-80F6-4CBD-AE5A-CD5D02FDB492}.Release|Any CPU.ActiveCfg = Release|Any CPU
		{714F8BF8-80F6-4CBD-AE5A-CD5D02FDB492}.Release|Any CPU.Build.0 = Release|Any CPU
	EndGlobalSection
EndGlobal
